// !$*UTF8*$!
{
	archiveVersion = 1;
	classes = {
	};
	objectVersion = 55;
	objects = {

/* Begin PBXBuildFile section */
		AF00BD0E28CA7937001A8D01 /* TuneListApp.swift in Sources */ = {isa = PBXBuildFile; fileRef = AF00BD0D28CA7937001A8D01 /* TuneListApp.swift */; };
		AF00BD1028CA7937001A8D01 /* ContentView.swift in Sources */ = {isa = PBXBuildFile; fileRef = AF00BD0F28CA7937001A8D01 /* ContentView.swift */; };
		AF00BD1228CA7938001A8D01 /* Assets.xcassets in Resources */ = {isa = PBXBuildFile; fileRef = AF00BD1128CA7938001A8D01 /* Assets.xcassets */; };
		AF00BD1528CA7938001A8D01 /* Preview Assets.xcassets in Resources */ = {isa = PBXBuildFile; fileRef = AF00BD1428CA7938001A8D01 /* Preview Assets.xcassets */; };
		AF00BD1E28CA7970001A8D01 /* QuickReferenceView.swift in Sources */ = {isa = PBXBuildFile; fileRef = AF00BD1D28CA7970001A8D01 /* QuickReferenceView.swift */; };
		AF00BD2028CB9EC9001A8D01 /* SongTitleView.swift in Sources */ = {isa = PBXBuildFile; fileRef = AF00BD1F28CB9EC9001A8D01 /* SongTitleView.swift */; };
		AF00BD2228CBFE38001A8D01 /* AddEditSongView.swift in Sources */ = {isa = PBXBuildFile; fileRef = AF00BD2128CBFE38001A8D01 /* AddEditSongView.swift */; };
		AF17909E28E1FB41002ECB29 /* Keys.swift in Sources */ = {isa = PBXBuildFile; fileRef = AF17909D28E1FB41002ECB29 /* Keys.swift */; };
		AF1790A328E223E5002ECB29 /* Song+CoreDataClass.swift in Sources */ = {isa = PBXBuildFile; fileRef = AF1790A128E223E5002ECB29 /* Song+CoreDataClass.swift */; };
		AF1790A428E223E5002ECB29 /* Song+CoreDataProperties.swift in Sources */ = {isa = PBXBuildFile; fileRef = AF1790A228E223E5002ECB29 /* Song+CoreDataProperties.swift */; };
		AF1790A828E22BC5002ECB29 /* SongIndexFilteredList.swift in Sources */ = {isa = PBXBuildFile; fileRef = AF1790A728E22BC5002ECB29 /* SongIndexFilteredList.swift */; };
		AF3D677628EBBF0C00667552 /* SongSort.swift in Sources */ = {isa = PBXBuildFile; fileRef = AF3D677528EBBF0C00667552 /* SongSort.swift */; };
		AF3D677828EBC16900667552 /* SortSelectionView.swift in Sources */ = {isa = PBXBuildFile; fileRef = AF3D677728EBC16900667552 /* SortSelectionView.swift */; };
		AF5A616228D4DBE100864239 /* TuneList.xcdatamodeld in Sources */ = {isa = PBXBuildFile; fileRef = AF5A616028D4DBE100864239 /* TuneList.xcdatamodeld */; };
		AF5A616428D4DC4300864239 /* DataController.swift in Sources */ = {isa = PBXBuildFile; fileRef = AF5A616328D4DC4300864239 /* DataController.swift */; };
		AF5A616628D55DB500864239 /* SongDetailView.swift in Sources */ = {isa = PBXBuildFile; fileRef = AF5A616528D55DB500864239 /* SongDetailView.swift */; };
		AF5A616828D576D500864239 /* SongTitleIndexView.swift in Sources */ = {isa = PBXBuildFile; fileRef = AF5A616728D576D500864239 /* SongTitleIndexView.swift */; };
		FF79C93728CE5D740023AF8D /* SongIndexView.swift in Sources */ = {isa = PBXBuildFile; fileRef = FF79C93628CE5D740023AF8D /* SongIndexView.swift */; };
/* End PBXBuildFile section */

/* Begin PBXFileReference section */
		AF00BD0A28CA7937001A8D01 /* TuneList.app */ = {isa = PBXFileReference; explicitFileType = wrapper.application; includeInIndex = 0; path = TuneList.app; sourceTree = BUILT_PRODUCTS_DIR; };
		AF00BD0D28CA7937001A8D01 /* TuneListApp.swift */ = {isa = PBXFileReference; lastKnownFileType = sourcecode.swift; path = TuneListApp.swift; sourceTree = "<group>"; };
		AF00BD0F28CA7937001A8D01 /* ContentView.swift */ = {isa = PBXFileReference; lastKnownFileType = sourcecode.swift; path = ContentView.swift; sourceTree = "<group>"; };
		AF00BD1128CA7938001A8D01 /* Assets.xcassets */ = {isa = PBXFileReference; lastKnownFileType = folder.assetcatalog; path = Assets.xcassets; sourceTree = "<group>"; };
		AF00BD1428CA7938001A8D01 /* Preview Assets.xcassets */ = {isa = PBXFileReference; lastKnownFileType = folder.assetcatalog; path = "Preview Assets.xcassets"; sourceTree = "<group>"; };
		AF00BD1D28CA7970001A8D01 /* QuickReferenceView.swift */ = {isa = PBXFileReference; lastKnownFileType = sourcecode.swift; path = QuickReferenceView.swift; sourceTree = "<group>"; };
		AF00BD1F28CB9EC9001A8D01 /* SongTitleView.swift */ = {isa = PBXFileReference; lastKnownFileType = sourcecode.swift; path = SongTitleView.swift; sourceTree = "<group>"; };
		AF00BD2128CBFE38001A8D01 /* AddEditSongView.swift */ = {isa = PBXFileReference; lastKnownFileType = sourcecode.swift; path = AddEditSongView.swift; sourceTree = "<group>"; };
		AF17909D28E1FB41002ECB29 /* Keys.swift */ = {isa = PBXFileReference; lastKnownFileType = sourcecode.swift; path = Keys.swift; sourceTree = "<group>"; };
		AF1790A128E223E5002ECB29 /* Song+CoreDataClass.swift */ = {isa = PBXFileReference; lastKnownFileType = sourcecode.swift; path = "Song+CoreDataClass.swift"; sourceTree = SOURCE_ROOT; };
		AF1790A228E223E5002ECB29 /* Song+CoreDataProperties.swift */ = {isa = PBXFileReference; lastKnownFileType = sourcecode.swift; path = "Song+CoreDataProperties.swift"; sourceTree = SOURCE_ROOT; };
		AF1790A728E22BC5002ECB29 /* SongIndexFilteredList.swift */ = {isa = PBXFileReference; lastKnownFileType = sourcecode.swift; path = SongIndexFilteredList.swift; sourceTree = "<group>"; };
		AF3D677528EBBF0C00667552 /* SongSort.swift */ = {isa = PBXFileReference; lastKnownFileType = sourcecode.swift; path = SongSort.swift; sourceTree = "<group>"; };
		AF3D677728EBC16900667552 /* SortSelectionView.swift */ = {isa = PBXFileReference; lastKnownFileType = sourcecode.swift; path = SortSelectionView.swift; sourceTree = "<group>"; };
		AF5A616128D4DBE100864239 /* TuneList.xcdatamodel */ = {isa = PBXFileReference; lastKnownFileType = wrapper.xcdatamodel; path = TuneList.xcdatamodel; sourceTree = "<group>"; };
		AF5A616328D4DC4300864239 /* DataController.swift */ = {isa = PBXFileReference; lastKnownFileType = sourcecode.swift; path = DataController.swift; sourceTree = "<group>"; };
		AF5A616528D55DB500864239 /* SongDetailView.swift */ = {isa = PBXFileReference; lastKnownFileType = sourcecode.swift; path = SongDetailView.swift; sourceTree = "<group>"; };
		AF5A616728D576D500864239 /* SongTitleIndexView.swift */ = {isa = PBXFileReference; lastKnownFileType = sourcecode.swift; path = SongTitleIndexView.swift; sourceTree = "<group>"; };
		FF79C93628CE5D740023AF8D /* SongIndexView.swift */ = {isa = PBXFileReference; lastKnownFileType = sourcecode.swift; path = SongIndexView.swift; sourceTree = "<group>"; };
/* End PBXFileReference section */

/* Begin PBXFrameworksBuildPhase section */
		AF00BD0728CA7937001A8D01 /* Frameworks */ = {
			isa = PBXFrameworksBuildPhase;
			buildActionMask = 2147483647;
			files = (
			);
			runOnlyForDeploymentPostprocessing = 0;
		};
/* End PBXFrameworksBuildPhase section */

/* Begin PBXGroup section */
		AF00BD0128CA7937001A8D01 = {
			isa = PBXGroup;
			children = (
				AF00BD0C28CA7937001A8D01 /* TuneList */,
				AF00BD0B28CA7937001A8D01 /* Products */,
			);
			sourceTree = "<group>";
		};
		AF00BD0B28CA7937001A8D01 /* Products */ = {
			isa = PBXGroup;
			children = (
				AF00BD0A28CA7937001A8D01 /* TuneList.app */,
			);
			name = Products;
			sourceTree = "<group>";
		};
		AF00BD0C28CA7937001A8D01 /* TuneList */ = {
			isa = PBXGroup;
			children = (
				AF00BD0D28CA7937001A8D01 /* TuneListApp.swift */,
				AF00BD2728CD7461001A8D01 /* Models */,
				AF00BD2828CD7470001A8D01 /* Views */,
				AF00BD1128CA7938001A8D01 /* Assets.xcassets */,
				AF00BD1328CA7938001A8D01 /* Preview Content */,
			);
			path = TuneList;
			sourceTree = "<group>";
		};
		AF00BD1328CA7938001A8D01 /* Preview Content */ = {
			isa = PBXGroup;
			children = (
				AF00BD1428CA7938001A8D01 /* Preview Assets.xcassets */,
			);
			path = "Preview Content";
			sourceTree = "<group>";
		};
		AF00BD2728CD7461001A8D01 /* Models */ = {
			isa = PBXGroup;
			children = (
				AF1790A128E223E5002ECB29 /* Song+CoreDataClass.swift */,
				AF1790A228E223E5002ECB29 /* Song+CoreDataProperties.swift */,
				AF5A616028D4DBE100864239 /* TuneList.xcdatamodeld */,
				AF5A616328D4DC4300864239 /* DataController.swift */,
				AF17909D28E1FB41002ECB29 /* Keys.swift */,
				AF3D677528EBBF0C00667552 /* SongSort.swift */,
			);
			path = Models;
			sourceTree = "<group>";
		};
		AF00BD2828CD7470001A8D01 /* Views */ = {
			isa = PBXGroup;
			children = (
				AF00BD0F28CA7937001A8D01 /* ContentView.swift */,
				AF00BD1D28CA7970001A8D01 /* QuickReferenceView.swift */,
				AF00BD2128CBFE38001A8D01 /* AddEditSongView.swift */,
				AF00BD1F28CB9EC9001A8D01 /* SongTitleView.swift */,
				AF162F4B28F07D5500230B6C /* Song Index View */,
				AF5A616528D55DB500864239 /* SongDetailView.swift */,
				AF3D677728EBC16900667552 /* SortSelectionView.swift */,
			);
			path = Views;
			sourceTree = "<group>";
		};
		AF162F4B28F07D5500230B6C /* Song Index View */ = {
			isa = PBXGroup;
			children = (
				FF79C93628CE5D740023AF8D /* SongIndexView.swift */,
				AF1790A728E22BC5002ECB29 /* SongIndexFilteredList.swift */,
				AF5A616728D576D500864239 /* SongTitleIndexView.swift */,
			);
			path = "Song Index View";
			sourceTree = "<group>";
		};
/* End PBXGroup section */

/* Begin PBXNativeTarget section */
		AF00BD0928CA7937001A8D01 /* TuneList */ = {
			isa = PBXNativeTarget;
			buildConfigurationList = AF00BD1828CA7938001A8D01 /* Build configuration list for PBXNativeTarget "TuneList" */;
			buildPhases = (
				AF00BD0628CA7937001A8D01 /* Sources */,
				AF00BD0728CA7937001A8D01 /* Frameworks */,
				AF00BD0828CA7937001A8D01 /* Resources */,
			);
			buildRules = (
			);
			dependencies = (
			);
			name = TuneList;
			productName = TuneList;
			productReference = AF00BD0A28CA7937001A8D01 /* TuneList.app */;
			productType = "com.apple.product-type.application";
		};
/* End PBXNativeTarget section */

/* Begin PBXProject section */
		AF00BD0228CA7937001A8D01 /* Project object */ = {
			isa = PBXProject;
			attributes = {
				BuildIndependentTargetsInParallel = 1;
				LastSwiftUpdateCheck = 1340;
				LastUpgradeCheck = 1340;
				TargetAttributes = {
					AF00BD0928CA7937001A8D01 = {
						CreatedOnToolsVersion = 13.4.1;
					};
				};
			};
			buildConfigurationList = AF00BD0528CA7937001A8D01 /* Build configuration list for PBXProject "TuneList" */;
			compatibilityVersion = "Xcode 13.0";
			developmentRegion = en;
			hasScannedForEncodings = 0;
			knownRegions = (
				en,
				Base,
			);
			mainGroup = AF00BD0128CA7937001A8D01;
			productRefGroup = AF00BD0B28CA7937001A8D01 /* Products */;
			projectDirPath = "";
			projectRoot = "";
			targets = (
				AF00BD0928CA7937001A8D01 /* TuneList */,
			);
		};
/* End PBXProject section */

/* Begin PBXResourcesBuildPhase section */
		AF00BD0828CA7937001A8D01 /* Resources */ = {
			isa = PBXResourcesBuildPhase;
			buildActionMask = 2147483647;
			files = (
				AF00BD1528CA7938001A8D01 /* Preview Assets.xcassets in Resources */,
				AF00BD1228CA7938001A8D01 /* Assets.xcassets in Resources */,
			);
			runOnlyForDeploymentPostprocessing = 0;
		};
/* End PBXResourcesBuildPhase section */

/* Begin PBXSourcesBuildPhase section */
		AF00BD0628CA7937001A8D01 /* Sources */ = {
			isa = PBXSourcesBuildPhase;
			buildActionMask = 2147483647;
			files = (
				AF1790A828E22BC5002ECB29 /* SongIndexFilteredList.swift in Sources */,
				AF5A616628D55DB500864239 /* SongDetailView.swift in Sources */,
				AF5A616428D4DC4300864239 /* DataController.swift in Sources */,
				AF5A616228D4DBE100864239 /* TuneList.xcdatamodeld in Sources */,
				AF00BD1028CA7937001A8D01 /* ContentView.swift in Sources */,
				AF00BD2228CBFE38001A8D01 /* AddEditSongView.swift in Sources */,
				AF00BD1E28CA7970001A8D01 /* QuickReferenceView.swift in Sources */,
				AF3D677628EBBF0C00667552 /* SongSort.swift in Sources */,
				AF3D677828EBC16900667552 /* SortSelectionView.swift in Sources */,
				AF00BD0E28CA7937001A8D01 /* TuneListApp.swift in Sources */,
				FF79C93728CE5D740023AF8D /* SongIndexView.swift in Sources */,
				AF1790A428E223E5002ECB29 /* Song+CoreDataProperties.swift in Sources */,
				AF1790A328E223E5002ECB29 /* Song+CoreDataClass.swift in Sources */,
				AF17909E28E1FB41002ECB29 /* Keys.swift in Sources */,
				AF00BD2028CB9EC9001A8D01 /* SongTitleView.swift in Sources */,
				AF5A616828D576D500864239 /* SongTitleIndexView.swift in Sources */,
			);
			runOnlyForDeploymentPostprocessing = 0;
		};
/* End PBXSourcesBuildPhase section */

/* Begin XCBuildConfiguration section */
		AF00BD1628CA7938001A8D01 /* Debug */ = {
			isa = XCBuildConfiguration;
			buildSettings = {
				ALWAYS_SEARCH_USER_PATHS = NO;
				CLANG_ANALYZER_NONNULL = YES;
				CLANG_ANALYZER_NUMBER_OBJECT_CONVERSION = YES_AGGRESSIVE;
				CLANG_CXX_LANGUAGE_STANDARD = "gnu++17";
				CLANG_ENABLE_MODULES = YES;
				CLANG_ENABLE_OBJC_ARC = YES;
				CLANG_ENABLE_OBJC_WEAK = YES;
				CLANG_WARN_BLOCK_CAPTURE_AUTORELEASING = YES;
				CLANG_WARN_BOOL_CONVERSION = YES;
				CLANG_WARN_COMMA = YES;
				CLANG_WARN_CONSTANT_CONVERSION = YES;
				CLANG_WARN_DEPRECATED_OBJC_IMPLEMENTATIONS = YES;
				CLANG_WARN_DIRECT_OBJC_ISA_USAGE = YES_ERROR;
				CLANG_WARN_DOCUMENTATION_COMMENTS = YES;
				CLANG_WARN_EMPTY_BODY = YES;
				CLANG_WARN_ENUM_CONVERSION = YES;
				CLANG_WARN_INFINITE_RECURSION = YES;
				CLANG_WARN_INT_CONVERSION = YES;
				CLANG_WARN_NON_LITERAL_NULL_CONVERSION = YES;
				CLANG_WARN_OBJC_IMPLICIT_RETAIN_SELF = YES;
				CLANG_WARN_OBJC_LITERAL_CONVERSION = YES;
				CLANG_WARN_OBJC_ROOT_CLASS = YES_ERROR;
				CLANG_WARN_QUOTED_INCLUDE_IN_FRAMEWORK_HEADER = YES;
				CLANG_WARN_RANGE_LOOP_ANALYSIS = YES;
				CLANG_WARN_STRICT_PROTOTYPES = YES;
				CLANG_WARN_SUSPICIOUS_MOVE = YES;
				CLANG_WARN_UNGUARDED_AVAILABILITY = YES_AGGRESSIVE;
				CLANG_WARN_UNREACHABLE_CODE = YES;
				CLANG_WARN__DUPLICATE_METHOD_MATCH = YES;
				COPY_PHASE_STRIP = NO;
				DEBUG_INFORMATION_FORMAT = dwarf;
				ENABLE_STRICT_OBJC_MSGSEND = YES;
				ENABLE_TESTABILITY = YES;
				GCC_C_LANGUAGE_STANDARD = gnu11;
				GCC_DYNAMIC_NO_PIC = NO;
				GCC_NO_COMMON_BLOCKS = YES;
				GCC_OPTIMIZATION_LEVEL = 0;
				GCC_PREPROCESSOR_DEFINITIONS = (
					"DEBUG=1",
					"$(inherited)",
				);
				GCC_WARN_64_TO_32_BIT_CONVERSION = YES;
				GCC_WARN_ABOUT_RETURN_TYPE = YES_ERROR;
				GCC_WARN_UNDECLARED_SELECTOR = YES;
				GCC_WARN_UNINITIALIZED_AUTOS = YES_AGGRESSIVE;
				GCC_WARN_UNUSED_FUNCTION = YES;
				GCC_WARN_UNUSED_VARIABLE = YES;
				IPHONEOS_DEPLOYMENT_TARGET = 15.5;
				MTL_ENABLE_DEBUG_INFO = INCLUDE_SOURCE;
				MTL_FAST_MATH = YES;
				ONLY_ACTIVE_ARCH = YES;
				SDKROOT = iphoneos;
				SWIFT_ACTIVE_COMPILATION_CONDITIONS = DEBUG;
				SWIFT_OPTIMIZATION_LEVEL = "-Onone";
			};
			name = Debug;
		};
		AF00BD1728CA7938001A8D01 /* Release */ = {
			isa = XCBuildConfiguration;
			buildSettings = {
				ALWAYS_SEARCH_USER_PATHS = NO;
				CLANG_ANALYZER_NONNULL = YES;
				CLANG_ANALYZER_NUMBER_OBJECT_CONVERSION = YES_AGGRESSIVE;
				CLANG_CXX_LANGUAGE_STANDARD = "gnu++17";
				CLANG_ENABLE_MODULES = YES;
				CLANG_ENABLE_OBJC_ARC = YES;
				CLANG_ENABLE_OBJC_WEAK = YES;
				CLANG_WARN_BLOCK_CAPTURE_AUTORELEASING = YES;
				CLANG_WARN_BOOL_CONVERSION = YES;
				CLANG_WARN_COMMA = YES;
				CLANG_WARN_CONSTANT_CONVERSION = YES;
				CLANG_WARN_DEPRECATED_OBJC_IMPLEMENTATIONS = YES;
				CLANG_WARN_DIRECT_OBJC_ISA_USAGE = YES_ERROR;
				CLANG_WARN_DOCUMENTATION_COMMENTS = YES;
				CLANG_WARN_EMPTY_BODY = YES;
				CLANG_WARN_ENUM_CONVERSION = YES;
				CLANG_WARN_INFINITE_RECURSION = YES;
				CLANG_WARN_INT_CONVERSION = YES;
				CLANG_WARN_NON_LITERAL_NULL_CONVERSION = YES;
				CLANG_WARN_OBJC_IMPLICIT_RETAIN_SELF = YES;
				CLANG_WARN_OBJC_LITERAL_CONVERSION = YES;
				CLANG_WARN_OBJC_ROOT_CLASS = YES_ERROR;
				CLANG_WARN_QUOTED_INCLUDE_IN_FRAMEWORK_HEADER = YES;
				CLANG_WARN_RANGE_LOOP_ANALYSIS = YES;
				CLANG_WARN_STRICT_PROTOTYPES = YES;
				CLANG_WARN_SUSPICIOUS_MOVE = YES;
				CLANG_WARN_UNGUARDED_AVAILABILITY = YES_AGGRESSIVE;
				CLANG_WARN_UNREACHABLE_CODE = YES;
				CLANG_WARN__DUPLICATE_METHOD_MATCH = YES;
				COPY_PHASE_STRIP = NO;
				DEBUG_INFORMATION_FORMAT = "dwarf-with-dsym";
				ENABLE_NS_ASSERTIONS = NO;
				ENABLE_STRICT_OBJC_MSGSEND = YES;
				GCC_C_LANGUAGE_STANDARD = gnu11;
				GCC_NO_COMMON_BLOCKS = YES;
				GCC_WARN_64_TO_32_BIT_CONVERSION = YES;
				GCC_WARN_ABOUT_RETURN_TYPE = YES_ERROR;
				GCC_WARN_UNDECLARED_SELECTOR = YES;
				GCC_WARN_UNINITIALIZED_AUTOS = YES_AGGRESSIVE;
				GCC_WARN_UNUSED_FUNCTION = YES;
				GCC_WARN_UNUSED_VARIABLE = YES;
				IPHONEOS_DEPLOYMENT_TARGET = 15.5;
				MTL_ENABLE_DEBUG_INFO = NO;
				MTL_FAST_MATH = YES;
				SDKROOT = iphoneos;
				SWIFT_COMPILATION_MODE = wholemodule;
				SWIFT_OPTIMIZATION_LEVEL = "-O";
				VALIDATE_PRODUCT = YES;
			};
			name = Release;
		};
		AF00BD1928CA7938001A8D01 /* Debug */ = {
			isa = XCBuildConfiguration;
			buildSettings = {
				ASSETCATALOG_COMPILER_APPICON_NAME = AppIcon;
				ASSETCATALOG_COMPILER_GLOBAL_ACCENT_COLOR_NAME = AccentColor;
				CODE_SIGN_STYLE = Automatic;
				CURRENT_PROJECT_VERSION = 1;
				DEVELOPMENT_ASSET_PATHS = "\"TuneList/Preview Content\"";
				DEVELOPMENT_TEAM = 8369TNNCWH;
				ENABLE_PREVIEWS = YES;
				GENERATE_INFOPLIST_FILE = YES;
				INFOPLIST_KEY_NSCameraUsageDescription = "We need access to your camera.";
				INFOPLIST_KEY_UIApplicationSceneManifest_Generation = YES;
				INFOPLIST_KEY_UIApplicationSupportsIndirectInputEvents = YES;
				INFOPLIST_KEY_UILaunchScreen_Generation = YES;
				INFOPLIST_KEY_UISupportedInterfaceOrientations_iPad = "UIInterfaceOrientationPortrait UIInterfaceOrientationPortraitUpsideDown UIInterfaceOrientationLandscapeLeft UIInterfaceOrientationLandscapeRight";
				INFOPLIST_KEY_UISupportedInterfaceOrientations_iPhone = "UIInterfaceOrientationPortrait UIInterfaceOrientationLandscapeLeft UIInterfaceOrientationLandscapeRight";
				LD_RUNPATH_SEARCH_PATHS = (
					"$(inherited)",
					"@executable_path/Frameworks",
				);
				MARKETING_VERSION = 1.0;
				PRODUCT_BUNDLE_IDENTIFIER = me.schwartz.marc.TuneList;
				PRODUCT_NAME = "$(TARGET_NAME)";
				SWIFT_EMIT_LOC_STRINGS = YES;
				SWIFT_VERSION = 5.0;
				TARGETED_DEVICE_FAMILY = "1,2";
			};
			name = Debug;
		};
		AF00BD1A28CA7938001A8D01 /* Release */ = {
			isa = XCBuildConfiguration;
			buildSettings = {
				ASSETCATALOG_COMPILER_APPICON_NAME = AppIcon;
				ASSETCATALOG_COMPILER_GLOBAL_ACCENT_COLOR_NAME = AccentColor;
				CODE_SIGN_STYLE = Automatic;
				CURRENT_PROJECT_VERSION = 1;
				DEVELOPMENT_ASSET_PATHS = "\"TuneList/Preview Content\"";
				DEVELOPMENT_TEAM = 8369TNNCWH;
				ENABLE_PREVIEWS = YES;
				GENERATE_INFOPLIST_FILE = YES;
				INFOPLIST_KEY_NSCameraUsageDescription = "We need access to your camera.";
				INFOPLIST_KEY_UIApplicationSceneManifest_Generation = YES;
				INFOPLIST_KEY_UIApplicationSupportsIndirectInputEvents = YES;
				INFOPLIST_KEY_UILaunchScreen_Generation = YES;
				INFOPLIST_KEY_UISupportedInterfaceOrientations_iPad = "UIInterfaceOrientationPortrait UIInterfaceOrientationPortraitUpsideDown UIInterfaceOrientationLandscapeLeft UIInterfaceOrientationLandscapeRight";
				INFOPLIST_KEY_UISupportedInterfaceOrientations_iPhone = "UIInterfaceOrientationPortrait UIInterfaceOrientationLandscapeLeft UIInterfaceOrientationLandscapeRight";
				LD_RUNPATH_SEARCH_PATHS = (
					"$(inherited)",
					"@executable_path/Frameworks",
				);
				MARKETING_VERSION = 1.0;
				PRODUCT_BUNDLE_IDENTIFIER = me.schwartz.marc.TuneList;
				PRODUCT_NAME = "$(TARGET_NAME)";
				SWIFT_EMIT_LOC_STRINGS = YES;
				SWIFT_VERSION = 5.0;
				TARGETED_DEVICE_FAMILY = "1,2";
			};
			name = Release;
		};
/* End XCBuildConfiguration section */

/* Begin XCConfigurationList section */
		AF00BD0528CA7937001A8D01 /* Build configuration list for PBXProject "TuneList" */ = {
			isa = XCConfigurationList;
			buildConfigurations = (
				AF00BD1628CA7938001A8D01 /* Debug */,
				AF00BD1728CA7938001A8D01 /* Release */,
			);
			defaultConfigurationIsVisible = 0;
			defaultConfigurationName = Release;
		};
		AF00BD1828CA7938001A8D01 /* Build configuration list for PBXNativeTarget "TuneList" */ = {
			isa = XCConfigurationList;
			buildConfigurations = (
				AF00BD1928CA7938001A8D01 /* Debug */,
				AF00BD1A28CA7938001A8D01 /* Release */,
			);
			defaultConfigurationIsVisible = 0;
			defaultConfigurationName = Release;
		};
/* End XCConfigurationList section */

/* Begin XCVersionGroup section */
		AF5A616028D4DBE100864239 /* TuneList.xcdatamodeld */ = {
			isa = XCVersionGroup;
			children = (
				AF5A616128D4DBE100864239 /* TuneList.xcdatamodel */,
			);
			currentVersion = AF5A616128D4DBE100864239 /* TuneList.xcdatamodel */;
			path = TuneList.xcdatamodeld;
			sourceTree = "<group>";
			versionGroupType = wrapper.xcdatamodel;
		};
/* End XCVersionGroup section */
	};
	rootObject = AF00BD0228CA7937001A8D01 /* Project object */;
}
